
Microsoft Visual Studio Solution File, Format Version 12.00
# Visual Studio Version 17
VisualStudioVersion = 17.4.33213.308
MinimumVisualStudioVersion = 10.0.40219.1
Project("{2150E333-8FDC-42A3-9474-1A3956D46DE8}") = "src", "src", "{4BC4D3CB-3EEE-471A-9E8D-29FEA5A68DBB}"
EndProject
Project("{2150E333-8FDC-42A3-9474-1A3956D46DE8}") = "Domain", "Domain", "{01025E57-AA9D-4B62-9BFC-9406919B8463}"
EndProject
Project("{2150E333-8FDC-42A3-9474-1A3956D46DE8}") = "Application", "Application", "{9878C090-7AF4-4B5D-A388-0457EE3E2148}"
EndProject
Project("{2150E333-8FDC-42A3-9474-1A3956D46DE8}") = "Infrastructure", "Infrastructure", "{1610905A-10C0-4112-A102-C557D1FC2D7C}"
EndProject
Project("{2150E333-8FDC-42A3-9474-1A3956D46DE8}") = "Contracts", "Contracts", "{321A3F39-4344-407A-ABB8-4AFDEDF7C6C6}"
EndProject
Project("{FAE04EC0-301F-11D3-BF4B-00C04F79EFBC}") = "Domain", "src\Domain\Domain\Domain.csproj", "{B07E6CB9-3C5D-4989-9B2B-89DF08D59CCB}"
EndProject
Project("{FAE04EC0-301F-11D3-BF4B-00C04F79EFBC}") = "AppServices", "src\Application\AppServices\AppServices.csproj", "{E6E85E1D-B150-4149-92CA-9BD1EA9595EB}"
EndProject
Project("{2150E333-8FDC-42A3-9474-1A3956D46DE8}") = "Host", "Host", "{2D026DB2-7D12-4E39-8055-CEC66F7DDDBE}"
EndProject
Project("{FAE04EC0-301F-11D3-BF4B-00C04F79EFBC}") = "UareNotAloneWebAPI", "src\Host\UareNotAloneWebAPI\UareNotAloneWebAPI.csproj", "{1A4C50AB-BA1B-4982-83EE-89FBFBE20CB1}"
EndProject
Project("{FAE04EC0-301F-11D3-BF4B-00C04F79EFBC}") = "DataAccess", "src\Infrastructure\DataAccess\DataAccess.csproj", "{16FC4BE0-8569-4D41-AAE2-ECF8EA361C8B}"
EndProject
Project("{FAE04EC0-301F-11D3-BF4B-00C04F79EFBC}") = "Migrations", "src\Infrastructure\Migrations\Migrations.csproj", "{589656E6-1D66-4D92-9318-C74A9B3426E7}"
EndProject
Project("{FAE04EC0-301F-11D3-BF4B-00C04F79EFBC}") = "Contracts", "src\Contracts\Contracts\Contracts.csproj", "{1F101BEC-F2AF-4A5D-B693-8E8CB9CA0CF6}"
EndProject
Global
	GlobalSection(SolutionConfigurationPlatforms) = preSolution
		Debug|Any CPU = Debug|Any CPU
		Release|Any CPU = Release|Any CPU
	EndGlobalSection
	GlobalSection(ProjectConfigurationPlatforms) = postSolution
		{B07E6CB9-3C5D-4989-9B2B-89DF08D59CCB}.Debug|Any CPU.ActiveCfg = Debug|Any CPU
		{B07E6CB9-3C5D-4989-9B2B-89DF08D59CCB}.Debug|Any CPU.Build.0 = Debug|Any CPU
		{B07E6CB9-3C5D-4989-9B2B-89DF08D59CCB}.Release|Any CPU.ActiveCfg = Release|Any CPU
		{B07E6CB9-3C5D-4989-9B2B-89DF08D59CCB}.Release|Any CPU.Build.0 = Release|Any CPU
		{E6E85E1D-B150-4149-92CA-9BD1EA9595EB}.Debug|Any CPU.ActiveCfg = Debug|Any CPU
		{E6E85E1D-B150-4149-92CA-9BD1EA9595EB}.Debug|Any CPU.Build.0 = Debug|Any CPU
		{E6E85E1D-B150-4149-92CA-9BD1EA9595EB}.Release|Any CPU.ActiveCfg = Release|Any CPU
		{E6E85E1D-B150-4149-92CA-9BD1EA9595EB}.Release|Any CPU.Build.0 = Release|Any CPU
		{1A4C50AB-BA1B-4982-83EE-89FBFBE20CB1}.Debug|Any CPU.ActiveCfg = Debug|Any CPU
		{1A4C50AB-BA1B-4982-83EE-89FBFBE20CB1}.Debug|Any CPU.Build.0 = Debug|Any CPU
		{1A4C50AB-BA1B-4982-83EE-89FBFBE20CB1}.Release|Any CPU.ActiveCfg = Release|Any CPU
		{1A4C50AB-BA1B-4982-83EE-89FBFBE20CB1}.Release|Any CPU.Build.0 = Release|Any CPU
		{16FC4BE0-8569-4D41-AAE2-ECF8EA361C8B}.Debug|Any CPU.ActiveCfg = Debug|Any CPU
		{16FC4BE0-8569-4D41-AAE2-ECF8EA361C8B}.Debug|Any CPU.Build.0 = Debug|Any CPU
		{16FC4BE0-8569-4D41-AAE2-ECF8EA361C8B}.Release|Any CPU.ActiveCfg = Release|Any CPU
		{16FC4BE0-8569-4D41-AAE2-ECF8EA361C8B}.Release|Any CPU.Build.0 = Release|Any CPU
		{589656E6-1D66-4D92-9318-C74A9B3426E7}.Debug|Any CPU.ActiveCfg = Debug|Any CPU
		{589656E6-1D66-4D92-9318-C74A9B3426E7}.Debug|Any CPU.Build.0 = Debug|Any CPU
		{589656E6-1D66-4D92-9318-C74A9B3426E7}.Release|Any CPU.ActiveCfg = Release|Any CPU
		{589656E6-1D66-4D92-9318-C74A9B3426E7}.Release|Any CPU.Build.0 = Release|Any CPU
		{1F101BEC-F2AF-4A5D-B693-8E8CB9CA0CF6}.Debug|Any CPU.ActiveCfg = Debug|Any CPU
		{1F101BEC-F2AF-4A5D-B693-8E8CB9CA0CF6}.Debug|Any CPU.Build.0 = Debug|Any CPU
		{1F101BEC-F2AF-4A5D-B693-8E8CB9CA0CF6}.Release|Any CPU.ActiveCfg = Release|Any CPU
		{1F101BEC-F2AF-4A5D-B693-8E8CB9CA0CF6}.Release|Any CPU.Build.0 = Release|Any CPU
	EndGlobalSection
	GlobalSection(SolutionProperties) = preSolution
		HideSolutionNode = FALSE
	EndGlobalSection
	GlobalSection(NestedProjects) = preSolution
		{01025E57-AA9D-4B62-9BFC-9406919B8463} = {4BC4D3CB-3EEE-471A-9E8D-29FEA5A68DBB}
		{9878C090-7AF4-4B5D-A388-0457EE3E2148} = {4BC4D3CB-3EEE-471A-9E8D-29FEA5A68DBB}
		{1610905A-10C0-4112-A102-C557D1FC2D7C} = {4BC4D3CB-3EEE-471A-9E8D-29FEA5A68DBB}
		{321A3F39-4344-407A-ABB8-4AFDEDF7C6C6} = {4BC4D3CB-3EEE-471A-9E8D-29FEA5A68DBB}
		{B07E6CB9-3C5D-4989-9B2B-89DF08D59CCB} = {01025E57-AA9D-4B62-9BFC-9406919B8463}
		{E6E85E1D-B150-4149-92CA-9BD1EA9595EB} = {9878C090-7AF4-4B5D-A388-0457EE3E2148}
		{2D026DB2-7D12-4E39-8055-CEC66F7DDDBE} = {4BC4D3CB-3EEE-471A-9E8D-29FEA5A68DBB}
		{1A4C50AB-BA1B-4982-83EE-89FBFBE20CB1} = {2D026DB2-7D12-4E39-8055-CEC66F7DDDBE}
		{16FC4BE0-8569-4D41-AAE2-ECF8EA361C8B} = {1610905A-10C0-4112-A102-C557D1FC2D7C}
		{589656E6-1D66-4D92-9318-C74A9B3426E7} = {1610905A-10C0-4112-A102-C557D1FC2D7C}
		{1F101BEC-F2AF-4A5D-B693-8E8CB9CA0CF6} = {321A3F39-4344-407A-ABB8-4AFDEDF7C6C6}
	EndGlobalSection
	GlobalSection(ExtensibilityGlobals) = postSolution
		SolutionGuid = {43D48DE3-57E1-4847-A402-6C2BC5349C85}
	EndGlobalSection
EndGlobal
